
Microsoft Visual Studio Solution File, Format Version 12.00
# Visual Studio Version 16
VisualStudioVersion = 16.0.30104.148
MinimumVisualStudioVersion = 10.0.40219.1
Project("{FAE04EC0-301F-11D3-BF4B-00C04F79EFBC}") = "YusFunctionalTestApp.Android", "YusFunctionalTestApp\YusFunctionalTestApp.Android\YusFunctionalTestApp.Android.csproj", "{F50C990A-3887-4024-9340-011B98360C2C}"
EndProject
Project("{FAE04EC0-301F-11D3-BF4B-00C04F79EFBC}") = "YusFunctionalTestApp.iOS", "YusFunctionalTestApp\YusFunctionalTestApp.iOS\YusFunctionalTestApp.iOS.csproj", "{C9C98A4A-03AE-4F25-B6C7-3CD2C4A8315C}"
EndProject
Project("{FAE04EC0-301F-11D3-BF4B-00C04F79EFBC}") = "YusFunctionalTestApp", "YusFunctionalTestApp\YusFunctionalTestApp\YusFunctionalTestApp.csproj", "{BB503CAD-8420-46E3-AB78-55F3BA18DC12}"
EndProject
Global
	GlobalSection(SolutionConfigurationPlatforms) = preSolution
		Debug|Any CPU = Debug|Any CPU
		Debug|iPhone = Debug|iPhone
		Debug|iPhoneSimulator = Debug|iPhoneSimulator
		Release|Any CPU = Release|Any CPU
		Release|iPhone = Release|iPhone
		Release|iPhoneSimulator = Release|iPhoneSimulator
	EndGlobalSection
	GlobalSection(ProjectConfigurationPlatforms) = postSolution
		{F50C990A-3887-4024-9340-011B98360C2C}.Debug|Any CPU.ActiveCfg = Debug|Any CPU
		{F50C990A-3887-4024-9340-011B98360C2C}.Debug|Any CPU.Build.0 = Debug|Any CPU
		{F50C990A-3887-4024-9340-011B98360C2C}.Debug|Any CPU.Deploy.0 = Debug|Any CPU
		{F50C990A-3887-4024-9340-011B98360C2C}.Debug|iPhone.ActiveCfg = Debug|Any CPU
		{F50C990A-3887-4024-9340-011B98360C2C}.Debug|iPhone.Build.0 = Debug|Any CPU
		{F50C990A-3887-4024-9340-011B98360C2C}.Debug|iPhone.Deploy.0 = Debug|Any CPU
		{F50C990A-3887-4024-9340-011B98360C2C}.Debug|iPhoneSimulator.ActiveCfg = Debug|Any CPU
		{F50C990A-3887-4024-9340-011B98360C2C}.Debug|iPhoneSimulator.Build.0 = Debug|Any CPU
		{F50C990A-3887-4024-9340-011B98360C2C}.Debug|iPhoneSimulator.Deploy.0 = Debug|Any CPU
		{F50C990A-3887-4024-9340-011B98360C2C}.Release|Any CPU.ActiveCfg = Release|Any CPU
		{F50C990A-3887-4024-9340-011B98360C2C}.Release|Any CPU.Build.0 = Release|Any CPU
		{F50C990A-3887-4024-9340-011B98360C2C}.Release|Any CPU.Deploy.0 = Release|Any CPU
		{F50C990A-3887-4024-9340-011B98360C2C}.Release|iPhone.ActiveCfg = Release|Any CPU
		{F50C990A-3887-4024-9340-011B98360C2C}.Release|iPhone.Build.0 = Release|Any CPU
		{F50C990A-3887-4024-9340-011B98360C2C}.Release|iPhone.Deploy.0 = Release|Any CPU
		{F50C990A-3887-4024-9340-011B98360C2C}.Release|iPhoneSimulator.ActiveCfg = Release|Any CPU
		{F50C990A-3887-4024-9340-011B98360C2C}.Release|iPhoneSimulator.Build.0 = Release|Any CPU
		{F50C990A-3887-4024-9340-011B98360C2C}.Release|iPhoneSimulator.Deploy.0 = Release|Any CPU
		{C9C98A4A-03AE-4F25-B6C7-3CD2C4A8315C}.Debug|Any CPU.ActiveCfg = Debug|iPhone
		{C9C98A4A-03AE-4F25-B6C7-3CD2C4A8315C}.Debug|Any CPU.Build.0 = Debug|iPhone
		{C9C98A4A-03AE-4F25-B6C7-3CD2C4A8315C}.Debug|Any CPU.Deploy.0 = Debug|iPhone
		{C9C98A4A-03AE-4F25-B6C7-3CD2C4A8315C}.Debug|iPhone.ActiveCfg = Debug|iPhone
		{C9C98A4A-03AE-4F25-B6C7-3CD2C4A8315C}.Debug|iPhone.Build.0 = Debug|iPhone
		{C9C98A4A-03AE-4F25-B6C7-3CD2C4A8315C}.Debug|iPhone.Deploy.0 = Debug|iPhone
		{C9C98A4A-03AE-4F25-B6C7-3CD2C4A8315C}.Debug|iPhoneSimulator.ActiveCfg = Debug|iPhoneSimulator
		{C9C98A4A-03AE-4F25-B6C7-3CD2C4A8315C}.Debug|iPhoneSimulator.Build.0 = Debug|iPhoneSimulator
		{C9C98A4A-03AE-4F25-B6C7-3CD2C4A8315C}.Debug|iPhoneSimulator.Deploy.0 = Debug|iPhoneSimulator
		{C9C98A4A-03AE-4F25-B6C7-3CD2C4A8315C}.Release|Any CPU.ActiveCfg = Release|iPhone
		{C9C98A4A-03AE-4F25-B6C7-3CD2C4A8315C}.Release|Any CPU.Build.0 = Release|iPhone
		{C9C98A4A-03AE-4F25-B6C7-3CD2C4A8315C}.Release|Any CPU.Deploy.0 = Release|iPhone
		{C9C98A4A-03AE-4F25-B6C7-3CD2C4A8315C}.Release|iPhone.ActiveCfg = Release|iPhone
		{C9C98A4A-03AE-4F25-B6C7-3CD2C4A8315C}.Release|iPhone.Build.0 = Release|iPhone
		{C9C98A4A-03AE-4F25-B6C7-3CD2C4A8315C}.Release|iPhone.Deploy.0 = Release|iPhone
		{C9C98A4A-03AE-4F25-B6C7-3CD2C4A8315C}.Release|iPhoneSimulator.ActiveCfg = Release|iPhoneSimulator
		{C9C98A4A-03AE-4F25-B6C7-3CD2C4A8315C}.Release|iPhoneSimulator.Build.0 = Release|iPhoneSimulator
		{C9C98A4A-03AE-4F25-B6C7-3CD2C4A8315C}.Release|iPhoneSimulator.Deploy.0 = Release|iPhoneSimulator
		{BB503CAD-8420-46E3-AB78-55F3BA18DC12}.Debug|Any CPU.ActiveCfg = Debug|Any CPU
		{BB503CAD-8420-46E3-AB78-55F3BA18DC12}.Debug|Any CPU.Build.0 = Debug|Any CPU
		{BB503CAD-8420-46E3-AB78-55F3BA18DC12}.Debug|Any CPU.Deploy.0 = Debug|Any CPU
		{BB503CAD-8420-46E3-AB78-55F3BA18DC12}.Debug|iPhone.ActiveCfg = Debug|Any CPU
		{BB503CAD-8420-46E3-AB78-55F3BA18DC12}.Debug|iPhone.Build.0 = Debug|Any CPU
		{BB503CAD-8420-46E3-AB78-55F3BA18DC12}.Debug|iPhone.Deploy.0 = Debug|Any CPU
		{BB503CAD-8420-46E3-AB78-55F3BA18DC12}.Debug|iPhoneSimulator.ActiveCfg = Debug|Any CPU
		{BB503CAD-8420-46E3-AB78-55F3BA18DC12}.Debug|iPhoneSimulator.Build.0 = Debug|Any CPU
		{BB503CAD-8420-46E3-AB78-55F3BA18DC12}.Debug|iPhoneSimulator.Deploy.0 = Debug|Any CPU
		{BB503CAD-8420-46E3-AB78-55F3BA18DC12}.Release|Any CPU.ActiveCfg = Release|Any CPU
		{BB503CAD-8420-46E3-AB78-55F3BA18DC12}.Release|Any CPU.Build.0 = Release|Any CPU
		{BB503CAD-8420-46E3-AB78-55F3BA18DC12}.Release|Any CPU.Deploy.0 = Release|Any CPU
		{BB503CAD-8420-46E3-AB78-55F3BA18DC12}.Release|iPhone.ActiveCfg = Release|Any CPU
		{BB503CAD-8420-46E3-AB78-55F3BA18DC12}.Release|iPhone.Build.0 = Release|Any CPU
		{BB503CAD-8420-46E3-AB78-55F3BA18DC12}.Release|iPhone.Deploy.0 = Release|Any CPU
		{BB503CAD-8420-46E3-AB78-55F3BA18DC12}.Release|iPhoneSimulator.ActiveCfg = Release|Any CPU
		{BB503CAD-8420-46E3-AB78-55F3BA18DC12}.Release|iPhoneSimulator.Build.0 = Release|Any CPU
		{BB503CAD-8420-46E3-AB78-55F3BA18DC12}.Release|iPhoneSimulator.Deploy.0 = Release|Any CPU
	EndGlobalSection
	GlobalSection(SolutionProperties) = preSolution
		HideSolutionNode = FALSE
	EndGlobalSection
	GlobalSection(ExtensibilityGlobals) = postSolution
		SolutionGuid = {0E50E0DB-BF4F-4EB1-892D-D03AE4265387}
	EndGlobalSection
EndGlobal
